// !$*UTF8*$!
{
	archiveVersion = 1;
	classes = {
	};
	objectVersion = 56;
	objects = {

/* Begin PBXBuildFile section */
		84CB5B402AD4969C006AD8DF /* AppDelegate.swift in Sources */ = {isa = PBXBuildFile; fileRef = 84CB5B3F2AD4969C006AD8DF /* AppDelegate.swift */; };
		84CB5B422AD4969C006AD8DF /* SceneDelegate.swift in Sources */ = {isa = PBXBuildFile; fileRef = 84CB5B412AD4969C006AD8DF /* SceneDelegate.swift */; };
		84CB5B442AD4969C006AD8DF /* ViewController.swift in Sources */ = {isa = PBXBuildFile; fileRef = 84CB5B432AD4969C006AD8DF /* ViewController.swift */; };
		84CB5B472AD4969C006AD8DF /* Main.storyboard in Resources */ = {isa = PBXBuildFile; fileRef = 84CB5B452AD4969C006AD8DF /* Main.storyboard */; };
		84CB5B492AD4969E006AD8DF /* Assets.xcassets in Resources */ = {isa = PBXBuildFile; fileRef = 84CB5B482AD4969E006AD8DF /* Assets.xcassets */; };
		84CB5B4C2AD4969E006AD8DF /* LaunchScreen.storyboard in Resources */ = {isa = PBXBuildFile; fileRef = 84CB5B4A2AD4969E006AD8DF /* LaunchScreen.storyboard */; };
		84CB5B572AD4969F006AD8DF /* TestAppTests.swift in Sources */ = {isa = PBXBuildFile; fileRef = 84CB5B562AD4969F006AD8DF /* TestAppTests.swift */; };
		84CB5B612AD4969F006AD8DF /* TestAppUITests.swift in Sources */ = {isa = PBXBuildFile; fileRef = 84CB5B602AD4969F006AD8DF /* TestAppUITests.swift */; };
		84CB5B632AD4969F006AD8DF /* TestAppUITestsLaunchTests.swift in Sources */ = {isa = PBXBuildFile; fileRef = 84CB5B622AD4969F006AD8DF /* TestAppUITestsLaunchTests.swift */; };
		84CB5B702AD497BA006AD8DF /* User.swift in Sources */ = {isa = PBXBuildFile; fileRef = 84CB5B6F2AD497BA006AD8DF /* User.swift */; };
		84CB5B722AD4988C006AD8DF /* UserLoader.swift in Sources */ = {isa = PBXBuildFile; fileRef = 84CB5B712AD4988C006AD8DF /* UserLoader.swift */; };
		84CB5B782AD4A01A006AD8DF /* UserDetailsViewController.swift in Sources */ = {isa = PBXBuildFile; fileRef = 84CB5B762AD4A01A006AD8DF /* UserDetailsViewController.swift */; };
		84CB5B792AD4A01A006AD8DF /* UserDetailsViewController.xib in Resources */ = {isa = PBXBuildFile; fileRef = 84CB5B772AD4A01A006AD8DF /* UserDetailsViewController.xib */; };
/* End PBXBuildFile section */

/* Begin PBXContainerItemProxy section */
		84CB5B532AD4969F006AD8DF /* PBXContainerItemProxy */ = {
			isa = PBXContainerItemProxy;
			containerPortal = 84CB5B342AD4969C006AD8DF /* Project object */;
			proxyType = 1;
			remoteGlobalIDString = 84CB5B3B2AD4969C006AD8DF;
			remoteInfo = TestApp;
		};
		84CB5B5D2AD4969F006AD8DF /* PBXContainerItemProxy */ = {
			isa = PBXContainerItemProxy;
			containerPortal = 84CB5B342AD4969C006AD8DF /* Project object */;
			proxyType = 1;
			remoteGlobalIDString = 84CB5B3B2AD4969C006AD8DF;
			remoteInfo = TestApp;
		};
/* End PBXContainerItemProxy section */

/* Begin PBXFileReference section */
		84CB5B3C2AD4969C006AD8DF /* TestApp.app */ = {isa = PBXFileReference; explicitFileType = wrapper.application; includeInIndex = 0; path = TestApp.app; sourceTree = BUILT_PRODUCTS_DIR; };
		84CB5B3F2AD4969C006AD8DF /* AppDelegate.swift */ = {isa = PBXFileReference; lastKnownFileType = sourcecode.swift; path = AppDelegate.swift; sourceTree = "<group>"; };
		84CB5B412AD4969C006AD8DF /* SceneDelegate.swift */ = {isa = PBXFileReference; lastKnownFileType = sourcecode.swift; path = SceneDelegate.swift; sourceTree = "<group>"; };
		84CB5B432AD4969C006AD8DF /* ViewController.swift */ = {isa = PBXFileReference; lastKnownFileType = sourcecode.swift; path = ViewController.swift; sourceTree = "<group>"; };
		84CB5B462AD4969C006AD8DF /* Base */ = {isa = PBXFileReference; lastKnownFileType = file.storyboard; name = Base; path = Base.lproj/Main.storyboard; sourceTree = "<group>"; };
		84CB5B482AD4969E006AD8DF /* Assets.xcassets */ = {isa = PBXFileReference; lastKnownFileType = folder.assetcatalog; path = Assets.xcassets; sourceTree = "<group>"; };
		84CB5B4B2AD4969E006AD8DF /* Base */ = {isa = PBXFileReference; lastKnownFileType = file.storyboard; name = Base; path = Base.lproj/LaunchScreen.storyboard; sourceTree = "<group>"; };
		84CB5B4D2AD4969E006AD8DF /* Info.plist */ = {isa = PBXFileReference; lastKnownFileType = text.plist.xml; path = Info.plist; sourceTree = "<group>"; };
		84CB5B522AD4969F006AD8DF /* TestAppTests.xctest */ = {isa = PBXFileReference; explicitFileType = wrapper.cfbundle; includeInIndex = 0; path = TestAppTests.xctest; sourceTree = BUILT_PRODUCTS_DIR; };
		84CB5B562AD4969F006AD8DF /* TestAppTests.swift */ = {isa = PBXFileReference; lastKnownFileType = sourcecode.swift; path = TestAppTests.swift; sourceTree = "<group>"; };
		84CB5B5C2AD4969F006AD8DF /* TestAppUITests.xctest */ = {isa = PBXFileReference; explicitFileType = wrapper.cfbundle; includeInIndex = 0; path = TestAppUITests.xctest; sourceTree = BUILT_PRODUCTS_DIR; };
		84CB5B602AD4969F006AD8DF /* TestAppUITests.swift */ = {isa = PBXFileReference; lastKnownFileType = sourcecode.swift; path = TestAppUITests.swift; sourceTree = "<group>"; };
		84CB5B622AD4969F006AD8DF /* TestAppUITestsLaunchTests.swift */ = {isa = PBXFileReference; lastKnownFileType = sourcecode.swift; path = TestAppUITestsLaunchTests.swift; sourceTree = "<group>"; };
		84CB5B6F2AD497BA006AD8DF /* User.swift */ = {isa = PBXFileReference; lastKnownFileType = sourcecode.swift; path = User.swift; sourceTree = "<group>"; };
		84CB5B712AD4988C006AD8DF /* UserLoader.swift */ = {isa = PBXFileReference; lastKnownFileType = sourcecode.swift; path = UserLoader.swift; sourceTree = "<group>"; };
		84CB5B762AD4A01A006AD8DF /* UserDetailsViewController.swift */ = {isa = PBXFileReference; lastKnownFileType = sourcecode.swift; path = UserDetailsViewController.swift; sourceTree = "<group>"; };
		84CB5B772AD4A01A006AD8DF /* UserDetailsViewController.xib */ = {isa = PBXFileReference; lastKnownFileType = file.xib; path = UserDetailsViewController.xib; sourceTree = "<group>"; };
/* End PBXFileReference section */

/* Begin PBXFrameworksBuildPhase section */
		84CB5B392AD4969C006AD8DF /* Frameworks */ = {
			isa = PBXFrameworksBuildPhase;
			buildActionMask = 2147483647;
			files = (
			);
			runOnlyForDeploymentPostprocessing = 0;
		};
		84CB5B4F2AD4969F006AD8DF /* Frameworks */ = {
			isa = PBXFrameworksBuildPhase;
			buildActionMask = 2147483647;
			files = (
			);
			runOnlyForDeploymentPostprocessing = 0;
		};
		84CB5B592AD4969F006AD8DF /* Frameworks */ = {
			isa = PBXFrameworksBuildPhase;
			buildActionMask = 2147483647;
			files = (
			);
			runOnlyForDeploymentPostprocessing = 0;
		};
/* End PBXFrameworksBuildPhase section */

/* Begin PBXGroup section */
		84CB5B332AD4969C006AD8DF = {
			isa = PBXGroup;
			children = (
				84CB5B3E2AD4969C006AD8DF /* TestApp */,
				84CB5B552AD4969F006AD8DF /* TestAppTests */,
				84CB5B5F2AD4969F006AD8DF /* TestAppUITests */,
				84CB5B3D2AD4969C006AD8DF /* Products */,
			);
			sourceTree = "<group>";
		};
		84CB5B3D2AD4969C006AD8DF /* Products */ = {
			isa = PBXGroup;
			children = (
				84CB5B3C2AD4969C006AD8DF /* TestApp.app */,
				84CB5B522AD4969F006AD8DF /* TestAppTests.xctest */,
				84CB5B5C2AD4969F006AD8DF /* TestAppUITests.xctest */,
			);
			name = Products;
			sourceTree = "<group>";
		};
		84CB5B3E2AD4969C006AD8DF /* TestApp */ = {
			isa = PBXGroup;
			children = (
				84CB5B752AD49FEA006AD8DF /* Remote */,
				84CB5B742AD49FE4006AD8DF /* Models */,
				84CB5B732AD49FD9006AD8DF /* Views */,
				84CB5B3F2AD4969C006AD8DF /* AppDelegate.swift */,
				84CB5B412AD4969C006AD8DF /* SceneDelegate.swift */,
				84CB5B482AD4969E006AD8DF /* Assets.xcassets */,
				84CB5B4A2AD4969E006AD8DF /* LaunchScreen.storyboard */,
				84CB5B4D2AD4969E006AD8DF /* Info.plist */,
			);
			path = TestApp;
			sourceTree = "<group>";
		};
		84CB5B552AD4969F006AD8DF /* TestAppTests */ = {
			isa = PBXGroup;
			children = (
				84CB5B562AD4969F006AD8DF /* TestAppTests.swift */,
			);
			path = TestAppTests;
			sourceTree = "<group>";
		};
		84CB5B5F2AD4969F006AD8DF /* TestAppUITests */ = {
			isa = PBXGroup;
			children = (
				84CB5B602AD4969F006AD8DF /* TestAppUITests.swift */,
				84CB5B622AD4969F006AD8DF /* TestAppUITestsLaunchTests.swift */,
			);
			path = TestAppUITests;
			sourceTree = "<group>";
		};
		84CB5B732AD49FD9006AD8DF /* Views */ = {
			isa = PBXGroup;
			children = (
				84CB5B452AD4969C006AD8DF /* Main.storyboard */,
				84CB5B432AD4969C006AD8DF /* ViewController.swift */,
				84CB5B762AD4A01A006AD8DF /* UserDetailsViewController.swift */,
				84CB5B772AD4A01A006AD8DF /* UserDetailsViewController.xib */,
			);
			path = Views;
			sourceTree = "<group>";
		};
		84CB5B742AD49FE4006AD8DF /* Models */ = {
			isa = PBXGroup;
			children = (
				84CB5B6F2AD497BA006AD8DF /* User.swift */,
			);
			path = Models;
			sourceTree = "<group>";
		};
		84CB5B752AD49FEA006AD8DF /* Remote */ = {
			isa = PBXGroup;
			children = (
				84CB5B712AD4988C006AD8DF /* UserLoader.swift */,
			);
			path = Remote;
			sourceTree = "<group>";
		};
/* End PBXGroup section */

/* Begin PBXNativeTarget section */
		84CB5B3B2AD4969C006AD8DF /* TestApp */ = {
			isa = PBXNativeTarget;
			buildConfigurationList = 84CB5B662AD4969F006AD8DF /* Build configuration list for PBXNativeTarget "TestApp" */;
			buildPhases = (
				84CB5B382AD4969C006AD8DF /* Sources */,
				84CB5B392AD4969C006AD8DF /* Frameworks */,
				84CB5B3A2AD4969C006AD8DF /* Resources */,
			);
			buildRules = (
			);
			dependencies = (
			);
			name = TestApp;
			productName = TestApp;
			productReference = 84CB5B3C2AD4969C006AD8DF /* TestApp.app */;
			productType = "com.apple.product-type.application";
		};
		84CB5B512AD4969F006AD8DF /* TestAppTests */ = {
			isa = PBXNativeTarget;
			buildConfigurationList = 84CB5B692AD4969F006AD8DF /* Build configuration list for PBXNativeTarget "TestAppTests" */;
			buildPhases = (
				84CB5B4E2AD4969F006AD8DF /* Sources */,
				84CB5B4F2AD4969F006AD8DF /* Frameworks */,
				84CB5B502AD4969F006AD8DF /* Resources */,
			);
			buildRules = (
			);
			dependencies = (
				84CB5B542AD4969F006AD8DF /* PBXTargetDependency */,
			);
			name = TestAppTests;
			productName = TestAppTests;
			productReference = 84CB5B522AD4969F006AD8DF /* TestAppTests.xctest */;
			productType = "com.apple.product-type.bundle.unit-test";
		};
		84CB5B5B2AD4969F006AD8DF /* TestAppUITests */ = {
			isa = PBXNativeTarget;
			buildConfigurationList = 84CB5B6C2AD4969F006AD8DF /* Build configuration list for PBXNativeTarget "TestAppUITests" */;
			buildPhases = (
				84CB5B582AD4969F006AD8DF /* Sources */,
				84CB5B592AD4969F006AD8DF /* Frameworks */,
				84CB5B5A2AD4969F006AD8DF /* Resources */,
			);
			buildRules = (
			);
			dependencies = (
				84CB5B5E2AD4969F006AD8DF /* PBXTargetDependency */,
			);
			name = TestAppUITests;
			productName = TestAppUITests;
			productReference = 84CB5B5C2AD4969F006AD8DF /* TestAppUITests.xctest */;
			productType = "com.apple.product-type.bundle.ui-testing";
		};
/* End PBXNativeTarget section */

/* Begin PBXProject section */
		84CB5B342AD4969C006AD8DF /* Project object */ = {
			isa = PBXProject;
			attributes = {
				BuildIndependentTargetsInParallel = 1;
				LastSwiftUpdateCheck = 1500;
				LastUpgradeCheck = 1500;
				TargetAttributes = {
					84CB5B3B2AD4969C006AD8DF = {
						CreatedOnToolsVersion = 15.0;
					};
					84CB5B512AD4969F006AD8DF = {
						CreatedOnToolsVersion = 15.0;
						TestTargetID = 84CB5B3B2AD4969C006AD8DF;
					};
					84CB5B5B2AD4969F006AD8DF = {
						CreatedOnToolsVersion = 15.0;
						TestTargetID = 84CB5B3B2AD4969C006AD8DF;
					};
				};
			};
			buildConfigurationList = 84CB5B372AD4969C006AD8DF /* Build configuration list for PBXProject "TestApp" */;
			compatibilityVersion = "Xcode 14.0";
			developmentRegion = en;
			hasScannedForEncodings = 0;
			knownRegions = (
				en,
				Base,
			);
			mainGroup = 84CB5B332AD4969C006AD8DF;
			productRefGroup = 84CB5B3D2AD4969C006AD8DF /* Products */;
			projectDirPath = "";
			projectRoot = "";
			targets = (
				84CB5B3B2AD4969C006AD8DF /* TestApp */,
				84CB5B512AD4969F006AD8DF /* TestAppTests */,
				84CB5B5B2AD4969F006AD8DF /* TestAppUITests */,
			);
		};
/* End PBXProject section */

/* Begin PBXResourcesBuildPhase section */
		84CB5B3A2AD4969C006AD8DF /* Resources */ = {
			isa = PBXResourcesBuildPhase;
			buildActionMask = 2147483647;
			files = (
				84CB5B4C2AD4969E006AD8DF /* LaunchScreen.storyboard in Resources */,
				84CB5B492AD4969E006AD8DF /* Assets.xcassets in Resources */,
				84CB5B792AD4A01A006AD8DF /* UserDetailsViewController.xib in Resources */,
				84CB5B472AD4969C006AD8DF /* Main.storyboard in Resources */,
			);
			runOnlyForDeploymentPostprocessing = 0;
		};
		84CB5B502AD4969F006AD8DF /* Resources */ = {
			isa = PBXResourcesBuildPhase;
			buildActionMask = 2147483647;
			files = (
			);
			runOnlyForDeploymentPostprocessing = 0;
		};
		84CB5B5A2AD4969F006AD8DF /* Resources */ = {
			isa = PBXResourcesBuildPhase;
			buildActionMask = 2147483647;
			files = (
			);
			runOnlyForDeploymentPostprocessing = 0;
		};
/* End PBXResourcesBuildPhase section */

/* Begin PBXSourcesBuildPhase section */
		84CB5B382AD4969C006AD8DF /* Sources */ = {
			isa = PBXSourcesBuildPhase;
			buildActionMask = 2147483647;
			files = (
				84CB5B702AD497BA006AD8DF /* User.swift in Sources */,
				84CB5B442AD4969C006AD8DF /* ViewController.swift in Sources */,
				84CB5B782AD4A01A006AD8DF /* UserDetailsViewController.swift in Sources */,
				84CB5B402AD4969C006AD8DF /* AppDelegate.swift in Sources */,
				84CB5B422AD4969C006AD8DF /* SceneDelegate.swift in Sources */,
				84CB5B722AD4988C006AD8DF /* UserLoader.swift in Sources */,
			);
			runOnlyForDeploymentPostprocessing = 0;
		};
		84CB5B4E2AD4969F006AD8DF /* Sources */ = {
			isa = PBXSourcesBuildPhase;
			buildActionMask = 2147483647;
			files = (
				84CB5B572AD4969F006AD8DF /* TestAppTests.swift in Sources */,
			);
			runOnlyForDeploymentPostprocessing = 0;
		};
		84CB5B582AD4969F006AD8DF /* Sources */ = {
			isa = PBXSourcesBuildPhase;
			buildActionMask = 2147483647;
			files = (
				84CB5B632AD4969F006AD8DF /* TestAppUITestsLaunchTests.swift in Sources */,
				84CB5B612AD4969F006AD8DF /* TestAppUITests.swift in Sources */,
			);
			runOnlyForDeploymentPostprocessing = 0;
		};
/* End PBXSourcesBuildPhase section */

/* Begin PBXTargetDependency section */
		84CB5B542AD4969F006AD8DF /* PBXTargetDependency */ = {
			isa = PBXTargetDependency;
			target = 84CB5B3B2AD4969C006AD8DF /* TestApp */;
			targetProxy = 84CB5B532AD4969F006AD8DF /* PBXContainerItemProxy */;
		};
		84CB5B5E2AD4969F006AD8DF /* PBXTargetDependency */ = {
			isa = PBXTargetDependency;
			target = 84CB5B3B2AD4969C006AD8DF /* TestApp */;
			targetProxy = 84CB5B5D2AD4969F006AD8DF /* PBXContainerItemProxy */;
		};
/* End PBXTargetDependency section */

/* Begin PBXVariantGroup section */
		84CB5B452AD4969C006AD8DF /* Main.storyboard */ = {
			isa = PBXVariantGroup;
			children = (
				84CB5B462AD4969C006AD8DF /* Base */,
			);
			name = Main.storyboard;
			sourceTree = "<group>";
		};
		84CB5B4A2AD4969E006AD8DF /* LaunchScreen.storyboard */ = {
			isa = PBXVariantGroup;
			children = (
				84CB5B4B2AD4969E006AD8DF /* Base */,
			);
			name = LaunchScreen.storyboard;
			sourceTree = "<group>";
		};
/* End PBXVariantGroup section */

/* Begin XCBuildConfiguration section */
		84CB5B642AD4969F006AD8DF /* Debug */ = {
			isa = XCBuildConfiguration;
			buildSettings = {
				ALWAYS_SEARCH_USER_PATHS = NO;
				ASSETCATALOG_COMPILER_GENERATE_SWIFT_ASSET_SYMBOL_EXTENSIONS = YES;
				CLANG_ANALYZER_NONNULL = YES;
				CLANG_ANALYZER_NUMBER_OBJECT_CONVERSION = YES_AGGRESSIVE;
				CLANG_CXX_LANGUAGE_STANDARD = "gnu++20";
				CLANG_ENABLE_MODULES = YES;
				CLANG_ENABLE_OBJC_ARC = YES;
				CLANG_ENABLE_OBJC_WEAK = YES;
				CLANG_WARN_BLOCK_CAPTURE_AUTORELEASING = YES;
				CLANG_WARN_BOOL_CONVERSION = YES;
				CLANG_WARN_COMMA = YES;
				CLANG_WARN_CONSTANT_CONVERSION = YES;
				CLANG_WARN_DEPRECATED_OBJC_IMPLEMENTATIONS = YES;
				CLANG_WARN_DIRECT_OBJC_ISA_USAGE = YES_ERROR;
				CLANG_WARN_DOCUMENTATION_COMMENTS = YES;
				CLANG_WARN_EMPTY_BODY = YES;
				CLANG_WARN_ENUM_CONVERSION = YES;
				CLANG_WARN_INFINITE_RECURSION = YES;
				CLANG_WARN_INT_CONVERSION = YES;
				CLANG_WARN_NON_LITERAL_NULL_CONVERSION = YES;
				CLANG_WARN_OBJC_IMPLICIT_RETAIN_SELF = YES;
				CLANG_WARN_OBJC_LITERAL_CONVERSION = YES;
				CLANG_WARN_OBJC_ROOT_CLASS = YES_ERROR;
				CLANG_WARN_QUOTED_INCLUDE_IN_FRAMEWORK_HEADER = YES;
				CLANG_WARN_RANGE_LOOP_ANALYSIS = YES;
				CLANG_WARN_STRICT_PROTOTYPES = YES;
				CLANG_WARN_SUSPICIOUS_MOVE = YES;
				CLANG_WARN_UNGUARDED_AVAILABILITY = YES_AGGRESSIVE;
				CLANG_WARN_UNREACHABLE_CODE = YES;
				CLANG_WARN__DUPLICATE_METHOD_MATCH = YES;
				COPY_PHASE_STRIP = NO;
				DEBUG_INFORMATION_FORMAT = dwarf;
				ENABLE_STRICT_OBJC_MSGSEND = YES;
				ENABLE_TESTABILITY = YES;
				ENABLE_USER_SCRIPT_SANDBOXING = YES;
				GCC_C_LANGUAGE_STANDARD = gnu17;
				GCC_DYNAMIC_NO_PIC = NO;
				GCC_NO_COMMON_BLOCKS = YES;
				GCC_OPTIMIZATION_LEVEL = 0;
				GCC_PREPROCESSOR_DEFINITIONS = (
					"DEBUG=1",
					"$(inherited)",
				);
				GCC_WARN_64_TO_32_BIT_CONVERSION = YES;
				GCC_WARN_ABOUT_RETURN_TYPE = YES_ERROR;
				GCC_WARN_UNDECLARED_SELECTOR = YES;
				GCC_WARN_UNINITIALIZED_AUTOS = YES_AGGRESSIVE;
				GCC_WARN_UNUSED_FUNCTION = YES;
				GCC_WARN_UNUSED_VARIABLE = YES;
				IPHONEOS_DEPLOYMENT_TARGET = 17.0;
				LOCALIZATION_PREFERS_STRING_CATALOGS = YES;
				MTL_ENABLE_DEBUG_INFO = INCLUDE_SOURCE;
				MTL_FAST_MATH = YES;
				ONLY_ACTIVE_ARCH = YES;
				SDKROOT = iphoneos;
				SWIFT_ACTIVE_COMPILATION_CONDITIONS = "DEBUG $(inherited)";
				SWIFT_OPTIMIZATION_LEVEL = "-Onone";
			};
			name = Debug;
		};
		84CB5B652AD4969F006AD8DF /* Release */ = {
			isa = XCBuildConfiguration;
			buildSettings = {
				ALWAYS_SEARCH_USER_PATHS = NO;
				ASSETCATALOG_COMPILER_GENERATE_SWIFT_ASSET_SYMBOL_EXTENSIONS = YES;
				CLANG_ANALYZER_NONNULL = YES;
				CLANG_ANALYZER_NUMBER_OBJECT_CONVERSION = YES_AGGRESSIVE;
				CLANG_CXX_LANGUAGE_STANDARD = "gnu++20";
				CLANG_ENABLE_MODULES = YES;
				CLANG_ENABLE_OBJC_ARC = YES;
				CLANG_ENABLE_OBJC_WEAK = YES;
				CLANG_WARN_BLOCK_CAPTURE_AUTORELEASING = YES;
				CLANG_WARN_BOOL_CONVERSION = YES;
				CLANG_WARN_COMMA = YES;
				CLANG_WARN_CONSTANT_CONVERSION = YES;
				CLANG_WARN_DEPRECATED_OBJC_IMPLEMENTATIONS = YES;
				CLANG_WARN_DIRECT_OBJC_ISA_USAGE = YES_ERROR;
				CLANG_WARN_DOCUMENTATION_COMMENTS = YES;
				CLANG_WARN_EMPTY_BODY = YES;
				CLANG_WARN_ENUM_CONVERSION = YES;
				CLANG_WARN_INFINITE_RECURSION = YES;
				CLANG_WARN_INT_CONVERSION = YES;
				CLANG_WARN_NON_LITERAL_NULL_CONVERSION = YES;
				CLANG_WARN_OBJC_IMPLICIT_RETAIN_SELF = YES;
				CLANG_WARN_OBJC_LITERAL_CONVERSION = YES;
				CLANG_WARN_OBJC_ROOT_CLASS = YES_ERROR;
				CLANG_WARN_QUOTED_INCLUDE_IN_FRAMEWORK_HEADER = YES;
				CLANG_WARN_RANGE_LOOP_ANALYSIS = YES;
				CLANG_WARN_STRICT_PROTOTYPES = YES;
				CLANG_WARN_SUSPICIOUS_MOVE = YES;
				CLANG_WARN_UNGUARDED_AVAILABILITY = YES_AGGRESSIVE;
				CLANG_WARN_UNREACHABLE_CODE = YES;
				CLANG_WARN__DUPLICATE_METHOD_MATCH = YES;
				COPY_PHASE_STRIP = NO;
				DEBUG_INFORMATION_FORMAT = "dwarf-with-dsym";
				ENABLE_NS_ASSERTIONS = NO;
				ENABLE_STRICT_OBJC_MSGSEND = YES;
				ENABLE_USER_SCRIPT_SANDBOXING = YES;
				GCC_C_LANGUAGE_STANDARD = gnu17;
				GCC_NO_COMMON_BLOCKS = YES;
				GCC_WARN_64_TO_32_BIT_CONVERSION = YES;
				GCC_WARN_ABOUT_RETURN_TYPE = YES_ERROR;
				GCC_WARN_UNDECLARED_SELECTOR = YES;
				GCC_WARN_UNINITIALIZED_AUTOS = YES_AGGRESSIVE;
				GCC_WARN_UNUSED_FUNCTION = YES;
				GCC_WARN_UNUSED_VARIABLE = YES;
				IPHONEOS_DEPLOYMENT_TARGET = 17.0;
				LOCALIZATION_PREFERS_STRING_CATALOGS = YES;
				MTL_ENABLE_DEBUG_INFO = NO;
				MTL_FAST_MATH = YES;
				SDKROOT = iphoneos;
				SWIFT_COMPILATION_MODE = wholemodule;
				VALIDATE_PRODUCT = YES;
			};
			name = Release;
		};
		84CB5B672AD4969F006AD8DF /* Debug */ = {
			isa = XCBuildConfiguration;
			buildSettings = {
				ASSETCATALOG_COMPILER_APPICON_NAME = AppIcon;
				ASSETCATALOG_COMPILER_GLOBAL_ACCENT_COLOR_NAME = AccentColor;
				CODE_SIGN_STYLE = Automatic;
				CURRENT_PROJECT_VERSION = 1;
				DEVELOPMENT_TEAM = VUSPV2X9TB;
				GENERATE_INFOPLIST_FILE = YES;
				INFOPLIST_FILE = TestApp/Info.plist;
				INFOPLIST_KEY_UIApplicationSupportsIndirectInputEvents = YES;
				INFOPLIST_KEY_UILaunchStoryboardName = LaunchScreen;
				INFOPLIST_KEY_UIMainStoryboardFile = Main;
				INFOPLIST_KEY_UISupportedInterfaceOrientations_iPad = "UIInterfaceOrientationPortrait UIInterfaceOrientationPortraitUpsideDown UIInterfaceOrientationLandscapeLeft UIInterfaceOrientationLandscapeRight";
				INFOPLIST_KEY_UISupportedInterfaceOrientations_iPhone = "UIInterfaceOrientationPortrait UIInterfaceOrientationLandscapeLeft UIInterfaceOrientationLandscapeRight";
				LD_RUNPATH_SEARCH_PATHS = (
					"$(inherited)",
					"@executable_path/Frameworks",
				);
				MARKETING_VERSION = 1.0;
				PRODUCT_BUNDLE_IDENTIFIER = com.thermogrid.TestApp;
				PRODUCT_NAME = "$(TARGET_NAME)";
				SWIFT_EMIT_LOC_STRINGS = YES;
				SWIFT_VERSION = 5.0;
				TARGETED_DEVICE_FAMILY = "1,2";
			};
			name = Debug;
		};
		84CB5B682AD4969F006AD8DF /* Release */ = {
			isa = XCBuildConfiguration;
			buildSettings = {
				ASSETCATALOG_COMPILER_APPICON_NAME = AppIcon;
				ASSETCATALOG_COMPILER_GLOBAL_ACCENT_COLOR_NAME = AccentColor;
				CODE_SIGN_STYLE = Automatic;
				CURRENT_PROJECT_VERSION = 1;
				DEVELOPMENT_TEAM = VUSPV2X9TB;
				GENERATE_INFOPLIST_FILE = YES;
				INFOPLIST_FILE = TestApp/Info.plist;
				INFOPLIST_KEY_UIApplicationSupportsIndirectInputEvents = YES;
				INFOPLIST_KEY_UILaunchStoryboardName = LaunchScreen;
				INFOPLIST_KEY_UIMainStoryboardFile = Main;
				INFOPLIST_KEY_UISupportedInterfaceOrientations_iPad = "UIInterfaceOrientationPortrait UIInterfaceOrientationPortraitUpsideDown UIInterfaceOrientationLandscapeLeft UIInterfaceOrientationLandscapeRight";
				INFOPLIST_KEY_UISupportedInterfaceOrientations_iPhone = "UIInterfaceOrientationPortrait UIInterfaceOrientationLandscapeLeft UIInterfaceOrientationLandscapeRight";
				LD_RUNPATH_SEARCH_PATHS = (
					"$(inherited)",
					"@executable_path/Frameworks",
				);
				MARKETING_VERSION = 1.0;
				PRODUCT_BUNDLE_IDENTIFIER = com.thermogrid.TestApp;
				PRODUCT_NAME = "$(TARGET_NAME)";
				SWIFT_EMIT_LOC_STRINGS = YES;
				SWIFT_VERSION = 5.0;
				TARGETED_DEVICE_FAMILY = "1,2";
			};
			name = Release;
		};
		84CB5B6A2AD4969F006AD8DF /* Debug */ = {
			isa = XCBuildConfiguration;
			buildSettings = {
				ALWAYS_EMBED_SWIFT_STANDARD_LIBRARIES = YES;
				BUNDLE_LOADER = "$(TEST_HOST)";
				CODE_SIGN_STYLE = Automatic;
				CURRENT_PROJECT_VERSION = 1;
				DEVELOPMENT_TEAM = VUSPV2X9TB;
				GENERATE_INFOPLIST_FILE = YES;
				IPHONEOS_DEPLOYMENT_TARGET = 17.0;
				MARKETING_VERSION = 1.0;
				PRODUCT_BUNDLE_IDENTIFIER = com.thermogrid.TestAppTests;
				PRODUCT_NAME = "$(TARGET_NAME)";
				SWIFT_EMIT_LOC_STRINGS = NO;
				SWIFT_VERSION = 5.0;
				TARGETED_DEVICE_FAMILY = "1,2";
				TEST_HOST = "$(BUILT_PRODUCTS_DIR)/TestApp.app/$(BUNDLE_EXECUTABLE_FOLDER_PATH)/TestApp";
			};
			name = Debug;
		};
		84CB5B6B2AD4969F006AD8DF /* Release */ = {
			isa = XCBuildConfiguration;
			buildSettings = {
				ALWAYS_EMBED_SWIFT_STANDARD_LIBRARIES = YES;
				BUNDLE_LOADER = "$(TEST_HOST)";
				CODE_SIGN_STYLE = Automatic;
				CURRENT_PROJECT_VERSION = 1;
				DEVELOPMENT_TEAM = VUSPV2X9TB;
				GENERATE_INFOPLIST_FILE = YES;
				IPHONEOS_DEPLOYMENT_TARGET = 17.0;
				MARKETING_VERSION = 1.0;
				PRODUCT_BUNDLE_IDENTIFIER = com.thermogrid.TestAppTests;
				PRODUCT_NAME = "$(TARGET_NAME)";
				SWIFT_EMIT_LOC_STRINGS = NO;
				SWIFT_VERSION = 5.0;
				TARGETED_DEVICE_FAMILY = "1,2";
				TEST_HOST = "$(BUILT_PRODUCTS_DIR)/TestApp.app/$(BUNDLE_EXECUTABLE_FOLDER_PATH)/TestApp";
			};
			name = Release;
		};
		84CB5B6D2AD4969F006AD8DF /* Debug */ = {
			isa = XCBuildConfiguration;
			buildSettings = {
				ALWAYS_EMBED_SWIFT_STANDARD_LIBRARIES = YES;
				CODE_SIGN_STYLE = Automatic;
				CURRENT_PROJECT_VERSION = 1;
				DEVELOPMENT_TEAM = VUSPV2X9TB;
				GENERATE_INFOPLIST_FILE = YES;
				MARKETING_VERSION = 1.0;
				PRODUCT_BUNDLE_IDENTIFIER = com.thermogrid.TestAppUITests;
				PRODUCT_NAME = "$(TARGET_NAME)";
				SWIFT_EMIT_LOC_STRINGS = NO;
				SWIFT_VERSION = 5.0;
				TARGETED_DEVICE_FAMILY = "1,2";
				TEST_TARGET_NAME = TestApp;
			};
			name = Debug;
		};
		84CB5B6E2AD4969F006AD8DF /* Release */ = {
			isa = XCBuildConfiguration;
			buildSettings = {
				ALWAYS_EMBED_SWIFT_STANDARD_LIBRARIES = YES;
				CODE_SIGN_STYLE = Automatic;
				CURRENT_PROJECT_VERSION = 1;
				DEVELOPMENT_TEAM = VUSPV2X9TB;
				GENERATE_INFOPLIST_FILE = YES;
				MARKETING_VERSION = 1.0;
				PRODUCT_BUNDLE_IDENTIFIER = com.thermogrid.TestAppUITests;
				PRODUCT_NAME = "$(TARGET_NAME)";
				SWIFT_EMIT_LOC_STRINGS = NO;
				SWIFT_VERSION = 5.0;
				TARGETED_DEVICE_FAMILY = "1,2";
				TEST_TARGET_NAME = TestApp;
			};
			name = Release;
		};
/* End XCBuildConfiguration section */

/* Begin XCConfigurationList section */
		84CB5B372AD4969C006AD8DF /* Build configuration list for PBXProject "TestApp" */ = {
			isa = XCConfigurationList;
			buildConfigurations = (
				84CB5B642AD4969F006AD8DF /* Debug */,
				84CB5B652AD4969F006AD8DF /* Release */,
			);
			defaultConfigurationIsVisible = 0;
			defaultConfigurationName = Release;
		};
		84CB5B662AD4969F006AD8DF /* Build configuration list for PBXNativeTarget "TestApp" */ = {
			isa = XCConfigurationList;
			buildConfigurations = (
				84CB5B672AD4969F006AD8DF /* Debug */,
				84CB5B682AD4969F006AD8DF /* Release */,
			);
			defaultConfigurationIsVisible = 0;
			defaultConfigurationName = Release;
		};
		84CB5B692AD4969F006AD8DF /* Build configuration list for PBXNativeTarget "TestAppTests" */ = {
			isa = XCConfigurationList;
			buildConfigurations = (
				84CB5B6A2AD4969F006AD8DF /* Debug */,
				84CB5B6B2AD4969F006AD8DF /* Release */,
			);
			defaultConfigurationIsVisible = 0;
			defaultConfigurationName = Release;
		};
		84CB5B6C2AD4969F006AD8DF /* Build configuration list for PBXNativeTarget "TestAppUITests" */ = {
			isa = XCConfigurationList;
			buildConfigurations = (
				84CB5B6D2AD4969F006AD8DF /* Debug */,
				84CB5B6E2AD4969F006AD8DF /* Release */,
			);
			defaultConfigurationIsVisible = 0;
			defaultConfigurationName = Release;
		};
/* End XCConfigurationList section */
	};
	rootObject = 84CB5B342AD4969C006AD8DF /* Project object */;
}
